// !$*UTF8*$!
{
	archiveVersion = 1;
	classes = {
	};
	objectVersion = 46;
	objects = {

/* Begin PBXBuildFile section */
		030A4A381DDA4C64007F593F /* AppDelegate.swift in Sources */ = {isa = PBXBuildFile; fileRef = 030A4A371DDA4C64007F593F /* AppDelegate.swift */; };
		030A4A3A1DDA4C64007F593F /* ViewController.swift in Sources */ = {isa = PBXBuildFile; fileRef = 030A4A391DDA4C64007F593F /* ViewController.swift */; };
		030A4A3D1DDA4C64007F593F /* Main.storyboard in Resources */ = {isa = PBXBuildFile; fileRef = 030A4A3B1DDA4C64007F593F /* Main.storyboard */; };
		030A4A401DDA4C64007F593F /* CoreDataExample.xcdatamodeld in Sources */ = {isa = PBXBuildFile; fileRef = 030A4A3E1DDA4C64007F593F /* CoreDataExample.xcdatamodeld */; };
		030A4A421DDA4C64007F593F /* Assets.xcassets in Resources */ = {isa = PBXBuildFile; fileRef = 030A4A411DDA4C64007F593F /* Assets.xcassets */; };
		030A4A451DDA4C64007F593F /* LaunchScreen.storyboard in Resources */ = {isa = PBXBuildFile; fileRef = 030A4A431DDA4C64007F593F /* LaunchScreen.storyboard */; };
		030A4A501DDA4C64007F593F /* CoreDataExampleTests.swift in Sources */ = {isa = PBXBuildFile; fileRef = 030A4A4F1DDA4C64007F593F /* CoreDataExampleTests.swift */; };
		030A4A5B1DDA4C64007F593F /* CoreDataExampleUITests.swift in Sources */ = {isa = PBXBuildFile; fileRef = 030A4A5A1DDA4C64007F593F /* CoreDataExampleUITests.swift */; };
/* End PBXBuildFile section */

/* Begin PBXContainerItemProxy section */
		030A4A4C1DDA4C64007F593F /* PBXContainerItemProxy */ = {
			isa = PBXContainerItemProxy;
			containerPortal = 030A4A2C1DDA4C64007F593F /* Project object */;
			proxyType = 1;
			remoteGlobalIDString = 030A4A331DDA4C64007F593F;
			remoteInfo = CoreDataExample;
		};
		030A4A571DDA4C64007F593F /* PBXContainerItemProxy */ = {
			isa = PBXContainerItemProxy;
			containerPortal = 030A4A2C1DDA4C64007F593F /* Project object */;
			proxyType = 1;
			remoteGlobalIDString = 030A4A331DDA4C64007F593F;
			remoteInfo = CoreDataExample;
		};
/* End PBXContainerItemProxy section */

/* Begin PBXFileReference section */
		030A4A341DDA4C64007F593F /* CoreDataExample.app */ = {isa = PBXFileReference; explicitFileType = wrapper.application; includeInIndex = 0; path = CoreDataExample.app; sourceTree = BUILT_PRODUCTS_DIR; };
		030A4A371DDA4C64007F593F /* AppDelegate.swift */ = {isa = PBXFileReference; lastKnownFileType = sourcecode.swift; path = AppDelegate.swift; sourceTree = "<group>"; };
		030A4A391DDA4C64007F593F /* ViewController.swift */ = {isa = PBXFileReference; lastKnownFileType = sourcecode.swift; path = ViewController.swift; sourceTree = "<group>"; };
		030A4A3C1DDA4C64007F593F /* Base */ = {isa = PBXFileReference; lastKnownFileType = file.storyboard; name = Base; path = Base.lproj/Main.storyboard; sourceTree = "<group>"; };
		030A4A3F1DDA4C64007F593F /* CoreDataExample.xcdatamodel */ = {isa = PBXFileReference; lastKnownFileType = wrapper.xcdatamodel; path = CoreDataExample.xcdatamodel; sourceTree = "<group>"; };
		030A4A411DDA4C64007F593F /* Assets.xcassets */ = {isa = PBXFileReference; lastKnownFileType = folder.assetcatalog; path = Assets.xcassets; sourceTree = "<group>"; };
		030A4A441DDA4C64007F593F /* Base */ = {isa = PBXFileReference; lastKnownFileType = file.storyboard; name = Base; path = Base.lproj/LaunchScreen.storyboard; sourceTree = "<group>"; };
		030A4A461DDA4C64007F593F /* Info.plist */ = {isa = PBXFileReference; lastKnownFileType = text.plist.xml; path = Info.plist; sourceTree = "<group>"; };
		030A4A4B1DDA4C64007F593F /* CoreDataExampleTests.xctest */ = {isa = PBXFileReference; explicitFileType = wrapper.cfbundle; includeInIndex = 0; path = CoreDataExampleTests.xctest; sourceTree = BUILT_PRODUCTS_DIR; };
		030A4A4F1DDA4C64007F593F /* CoreDataExampleTests.swift */ = {isa = PBXFileReference; lastKnownFileType = sourcecode.swift; path = CoreDataExampleTests.swift; sourceTree = "<group>"; };
		030A4A511DDA4C64007F593F /* Info.plist */ = {isa = PBXFileReference; lastKnownFileType = text.plist.xml; path = Info.plist; sourceTree = "<group>"; };
		030A4A561DDA4C64007F593F /* CoreDataExampleUITests.xctest */ = {isa = PBXFileReference; explicitFileType = wrapper.cfbundle; includeInIndex = 0; path = CoreDataExampleUITests.xctest; sourceTree = BUILT_PRODUCTS_DIR; };
		030A4A5A1DDA4C64007F593F /* CoreDataExampleUITests.swift */ = {isa = PBXFileReference; lastKnownFileType = sourcecode.swift; path = CoreDataExampleUITests.swift; sourceTree = "<group>"; };
		030A4A5C1DDA4C64007F593F /* Info.plist */ = {isa = PBXFileReference; lastKnownFileType = text.plist.xml; path = Info.plist; sourceTree = "<group>"; };
/* End PBXFileReference section */

/* Begin PBXFrameworksBuildPhase section */
		030A4A311DDA4C64007F593F /* Frameworks */ = {
			isa = PBXFrameworksBuildPhase;
			buildActionMask = 2147483647;
			files = (
			);
			runOnlyForDeploymentPostprocessing = 0;
		};
		030A4A481DDA4C64007F593F /* Frameworks */ = {
			isa = PBXFrameworksBuildPhase;
			buildActionMask = 2147483647;
			files = (
			);
			runOnlyForDeploymentPostprocessing = 0;
		};
		030A4A531DDA4C64007F593F /* Frameworks */ = {
			isa = PBXFrameworksBuildPhase;
			buildActionMask = 2147483647;
			files = (
			);
			runOnlyForDeploymentPostprocessing = 0;
		};
/* End PBXFrameworksBuildPhase section */

/* Begin PBXGroup section */
		030A4A2B1DDA4C64007F593F = {
			isa = PBXGroup;
			children = (
				030A4A361DDA4C64007F593F /* CoreDataExample */,
				030A4A4E1DDA4C64007F593F /* CoreDataExampleTests */,
				030A4A591DDA4C64007F593F /* CoreDataExampleUITests */,
				030A4A351DDA4C64007F593F /* Products */,
			);
			sourceTree = "<group>";
		};
		030A4A351DDA4C64007F593F /* Products */ = {
			isa = PBXGroup;
			children = (
				030A4A341DDA4C64007F593F /* CoreDataExample.app */,
				030A4A4B1DDA4C64007F593F /* CoreDataExampleTests.xctest */,
				030A4A561DDA4C64007F593F /* CoreDataExampleUITests.xctest */,
			);
			name = Products;
			sourceTree = "<group>";
		};
		030A4A361DDA4C64007F593F /* CoreDataExample */ = {
			isa = PBXGroup;
			children = (
				030A4A371DDA4C64007F593F /* AppDelegate.swift */,
				030A4A391DDA4C64007F593F /* ViewController.swift */,
				030A4A3B1DDA4C64007F593F /* Main.storyboard */,
				030A4A411DDA4C64007F593F /* Assets.xcassets */,
				030A4A431DDA4C64007F593F /* LaunchScreen.storyboard */,
				030A4A461DDA4C64007F593F /* Info.plist */,
				030A4A3E1DDA4C64007F593F /* CoreDataExample.xcdatamodeld */,
			);
			path = CoreDataExample;
			sourceTree = "<group>";
		};
		030A4A4E1DDA4C64007F593F /* CoreDataExampleTests */ = {
			isa = PBXGroup;
			children = (
				030A4A4F1DDA4C64007F593F /* CoreDataExampleTests.swift */,
				030A4A511DDA4C64007F593F /* Info.plist */,
			);
			path = CoreDataExampleTests;
			sourceTree = "<group>";
		};
		030A4A591DDA4C64007F593F /* CoreDataExampleUITests */ = {
			isa = PBXGroup;
			children = (
				030A4A5A1DDA4C64007F593F /* CoreDataExampleUITests.swift */,
				030A4A5C1DDA4C64007F593F /* Info.plist */,
			);
			path = CoreDataExampleUITests;
			sourceTree = "<group>";
		};
/* End PBXGroup section */

/* Begin PBXNativeTarget section */
		030A4A331DDA4C64007F593F /* CoreDataExample */ = {
			isa = PBXNativeTarget;
			buildConfigurationList = 030A4A5F1DDA4C64007F593F /* Build configuration list for PBXNativeTarget "CoreDataExample" */;
			buildPhases = (
				030A4A301DDA4C64007F593F /* Sources */,
				030A4A311DDA4C64007F593F /* Frameworks */,
				030A4A321DDA4C64007F593F /* Resources */,
			);
			buildRules = (
			);
			dependencies = (
			);
			name = CoreDataExample;
			productName = CoreDataExample;
			productReference = 030A4A341DDA4C64007F593F /* CoreDataExample.app */;
			productType = "com.apple.product-type.application";
		};
		030A4A4A1DDA4C64007F593F /* CoreDataExampleTests */ = {
			isa = PBXNativeTarget;
			buildConfigurationList = 030A4A621DDA4C64007F593F /* Build configuration list for PBXNativeTarget "CoreDataExampleTests" */;
			buildPhases = (
				030A4A471DDA4C64007F593F /* Sources */,
				030A4A481DDA4C64007F593F /* Frameworks */,
				030A4A491DDA4C64007F593F /* Resources */,
			);
			buildRules = (
			);
			dependencies = (
				030A4A4D1DDA4C64007F593F /* PBXTargetDependency */,
			);
			name = CoreDataExampleTests;
			productName = CoreDataExampleTests;
			productReference = 030A4A4B1DDA4C64007F593F /* CoreDataExampleTests.xctest */;
			productType = "com.apple.product-type.bundle.unit-test";
		};
		030A4A551DDA4C64007F593F /* CoreDataExampleUITests */ = {
			isa = PBXNativeTarget;
			buildConfigurationList = 030A4A651DDA4C64007F593F /* Build configuration list for PBXNativeTarget "CoreDataExampleUITests" */;
			buildPhases = (
				030A4A521DDA4C64007F593F /* Sources */,
				030A4A531DDA4C64007F593F /* Frameworks */,
				030A4A541DDA4C64007F593F /* Resources */,
			);
			buildRules = (
			);
			dependencies = (
				030A4A581DDA4C64007F593F /* PBXTargetDependency */,
			);
			name = CoreDataExampleUITests;
			productName = CoreDataExampleUITests;
			productReference = 030A4A561DDA4C64007F593F /* CoreDataExampleUITests.xctest */;
			productType = "com.apple.product-type.bundle.ui-testing";
		};
/* End PBXNativeTarget section */

/* Begin PBXProject section */
		030A4A2C1DDA4C64007F593F /* Project object */ = {
			isa = PBXProject;
			attributes = {
				LastSwiftUpdateCheck = 0810;
				LastUpgradeCheck = 0810;
				ORGANIZATIONNAME = VetekConsutling;
				TargetAttributes = {
					030A4A331DDA4C64007F593F = {
						CreatedOnToolsVersion = 8.1;
						DevelopmentTeam = BZY65TYX78;
						ProvisioningStyle = Automatic;
					};
					030A4A4A1DDA4C64007F593F = {
						CreatedOnToolsVersion = 8.1;
						DevelopmentTeam = BZY65TYX78;
						ProvisioningStyle = Automatic;
						TestTargetID = 030A4A331DDA4C64007F593F;
					};
					030A4A551DDA4C64007F593F = {
						CreatedOnToolsVersion = 8.1;
						DevelopmentTeam = BZY65TYX78;
						ProvisioningStyle = Automatic;
						TestTargetID = 030A4A331DDA4C64007F593F;
					};
				};
			};
			buildConfigurationList = 030A4A2F1DDA4C64007F593F /* Build configuration list for PBXProject "CoreDataExample" */;
			compatibilityVersion = "Xcode 3.2";
			developmentRegion = English;
			hasScannedForEncodings = 0;
			knownRegions = (
				en,
				Base,
			);
			mainGroup = 030A4A2B1DDA4C64007F593F;
			productRefGroup = 030A4A351DDA4C64007F593F /* Products */;
			projectDirPath = "";
			projectRoot = "";
			targets = (
				030A4A331DDA4C64007F593F /* CoreDataExample */,
				030A4A4A1DDA4C64007F593F /* CoreDataExampleTests */,
				030A4A551DDA4C64007F593F /* CoreDataExampleUITests */,
			);
		};
/* End PBXProject section */

/* Begin PBXResourcesBuildPhase section */
		030A4A321DDA4C64007F593F /* Resources */ = {
			isa = PBXResourcesBuildPhase;
			buildActionMask = 2147483647;
			files = (
				030A4A451DDA4C64007F593F /* LaunchScreen.storyboard in Resources */,
				030A4A421DDA4C64007F593F /* Assets.xcassets in Resources */,
				030A4A3D1DDA4C64007F593F /* Main.storyboard in Resources */,
			);
			runOnlyForDeploymentPostprocessing = 0;
		};
		030A4A491DDA4C64007F593F /* Resources */ = {
			isa = PBXResourcesBuildPhase;
			buildActionMask = 2147483647;
			files = (
			);
			runOnlyForDeploymentPostprocessing = 0;
		};
		030A4A541DDA4C64007F593F /* Resources */ = {
			isa = PBXResourcesBuildPhase;
			buildActionMask = 2147483647;
			files = (
			);
			runOnlyForDeploymentPostprocessing = 0;
		};
/* End PBXResourcesBuildPhase section */

/* Begin PBXSourcesBuildPhase section */
		030A4A301DDA4C64007F593F /* Sources */ = {
			isa = PBXSourcesBuildPhase;
			buildActionMask = 2147483647;
			files = (
				030A4A3A1DDA4C64007F593F /* ViewController.swift in Sources */,
				030A4A381DDA4C64007F593F /* AppDelegate.swift in Sources */,
				030A4A401DDA4C64007F593F /* CoreDataExample.xcdatamodeld in Sources */,
			);
			runOnlyForDeploymentPostprocessing = 0;
		};
		030A4A471DDA4C64007F593F /* Sources */ = {
			isa = PBXSourcesBuildPhase;
			buildActionMask = 2147483647;
			files = (
				030A4A501DDA4C64007F593F /* CoreDataExampleTests.swift in Sources */,
			);
			runOnlyForDeploymentPostprocessing = 0;
		};
		030A4A521DDA4C64007F593F /* Sources */ = {
			isa = PBXSourcesBuildPhase;
			buildActionMask = 2147483647;
			files = (
				030A4A5B1DDA4C64007F593F /* CoreDataExampleUITests.swift in Sources */,
			);
			runOnlyForDeploymentPostprocessing = 0;
		};
/* End PBXSourcesBuildPhase section */

/* Begin PBXTargetDependency section */
		030A4A4D1DDA4C64007F593F /* PBXTargetDependency */ = {
			isa = PBXTargetDependency;
			target = 030A4A331DDA4C64007F593F /* CoreDataExample */;
			targetProxy = 030A4A4C1DDA4C64007F593F /* PBXContainerItemProxy */;
		};
		030A4A581DDA4C64007F593F /* PBXTargetDependency */ = {
			isa = PBXTargetDependency;
			target = 030A4A331DDA4C64007F593F /* CoreDataExample */;
			targetProxy = 030A4A571DDA4C64007F593F /* PBXContainerItemProxy */;
		};
/* End PBXTargetDependency section */

/* Begin PBXVariantGroup section */
		030A4A3B1DDA4C64007F593F /* Main.storyboard */ = {
			isa = PBXVariantGroup;
			children = (
				030A4A3C1DDA4C64007F593F /* Base */,
			);
			name = Main.storyboard;
			sourceTree = "<group>";
		};
		030A4A431DDA4C64007F593F /* LaunchScreen.storyboard */ = {
			isa = PBXVariantGroup;
			children = (
				030A4A441DDA4C64007F593F /* Base */,
			);
			name = LaunchScreen.storyboard;
			sourceTree = "<group>";
		};
/* End PBXVariantGroup section */

/* Begin XCBuildConfiguration section */
		030A4A5D1DDA4C64007F593F /* Debug */ = {
			isa = XCBuildConfiguration;
			buildSettings = {
				ALWAYS_SEARCH_USER_PATHS = NO;
				CLANG_ANALYZER_NONNULL = YES;
				CLANG_CXX_LANGUAGE_STANDARD = "gnu++0x";
				CLANG_CXX_LIBRARY = "libc++";
				CLANG_ENABLE_MODULES = YES;
				CLANG_ENABLE_OBJC_ARC = YES;
				CLANG_WARN_BOOL_CONVERSION = YES;
				CLANG_WARN_CONSTANT_CONVERSION = YES;
				CLANG_WARN_DIRECT_OBJC_ISA_USAGE = YES_ERROR;
				CLANG_WARN_DOCUMENTATION_COMMENTS = YES;
				CLANG_WARN_EMPTY_BODY = YES;
				CLANG_WARN_ENUM_CONVERSION = YES;
				CLANG_WARN_INFINITE_RECURSION = YES;
				CLANG_WARN_INT_CONVERSION = YES;
				CLANG_WARN_OBJC_ROOT_CLASS = YES_ERROR;
				CLANG_WARN_SUSPICIOUS_MOVES = YES;
				CLANG_WARN_UNREACHABLE_CODE = YES;
				CLANG_WARN__DUPLICATE_METHOD_MATCH = YES;
				"CODE_SIGN_IDENTITY[sdk=iphoneos*]" = "iPhone Developer";
				COPY_PHASE_STRIP = NO;
				DEBUG_INFORMATION_FORMAT = dwarf;
				ENABLE_STRICT_OBJC_MSGSEND = YES;
				ENABLE_TESTABILITY = YES;
				GCC_C_LANGUAGE_STANDARD = gnu99;
				GCC_DYNAMIC_NO_PIC = NO;
				GCC_NO_COMMON_BLOCKS = YES;
				GCC_OPTIMIZATION_LEVEL = 0;
				GCC_PREPROCESSOR_DEFINITIONS = (
					"DEBUG=1",
					"$(inherited)",
				);
				GCC_WARN_64_TO_32_BIT_CONVERSION = YES;
				GCC_WARN_ABOUT_RETURN_TYPE = YES_ERROR;
				GCC_WARN_UNDECLARED_SELECTOR = YES;
				GCC_WARN_UNINITIALIZED_AUTOS = YES_AGGRESSIVE;
				GCC_WARN_UNUSED_FUNCTION = YES;
				GCC_WARN_UNUSED_VARIABLE = YES;
				IPHONEOS_DEPLOYMENT_TARGET = 10.1;
				MTL_ENABLE_DEBUG_INFO = YES;
				ONLY_ACTIVE_ARCH = YES;
				SDKROOT = iphoneos;
				SWIFT_ACTIVE_COMPILATION_CONDITIONS = DEBUG;
				SWIFT_OPTIMIZATION_LEVEL = "-Onone";
			};
			name = Debug;
		};
		030A4A5E1DDA4C64007F593F /* Release */ = {
			isa = XCBuildConfiguration;
			buildSettings = {
				ALWAYS_SEARCH_USER_PATHS = NO;
				CLANG_ANALYZER_NONNULL = YES;
				CLANG_CXX_LANGUAGE_STANDARD = "gnu++0x";
				CLANG_CXX_LIBRARY = "libc++";
				CLANG_ENABLE_MODULES = YES;
				CLANG_ENABLE_OBJC_ARC = YES;
				CLANG_WARN_BOOL_CONVERSION = YES;
				CLANG_WARN_CONSTANT_CONVERSION = YES;
				CLANG_WARN_DIRECT_OBJC_ISA_USAGE = YES_ERROR;
				CLANG_WARN_DOCUMENTATION_COMMENTS = YES;
				CLANG_WARN_EMPTY_BODY = YES;
				CLANG_WARN_ENUM_CONVERSION = YES;
				CLANG_WARN_INFINITE_RECURSION = YES;
				CLANG_WARN_INT_CONVERSION = YES;
				CLANG_WARN_OBJC_ROOT_CLASS = YES_ERROR;
				CLANG_WARN_SUSPICIOUS_MOVES = YES;
				CLANG_WARN_UNREACHABLE_CODE = YES;
				CLANG_WARN__DUPLICATE_METHOD_MATCH = YES;
				"CODE_SIGN_IDENTITY[sdk=iphoneos*]" = "iPhone Developer";
				COPY_PHASE_STRIP = NO;
				DEBUG_INFORMATION_FORMAT = "dwarf-with-dsym";
				ENABLE_NS_ASSERTIONS = NO;
				ENABLE_STRICT_OBJC_MSGSEND = YES;
				GCC_C_LANGUAGE_STANDARD = gnu99;
				GCC_NO_COMMON_BLOCKS = YES;
				GCC_WARN_64_TO_32_BIT_CONVERSION = YES;
				GCC_WARN_ABOUT_RETURN_TYPE = YES_ERROR;
				GCC_WARN_UNDECLARED_SELECTOR = YES;
				GCC_WARN_UNINITIALIZED_AUTOS = YES_AGGRESSIVE;
				GCC_WARN_UNUSED_FUNCTION = YES;
				GCC_WARN_UNUSED_VARIABLE = YES;
				IPHONEOS_DEPLOYMENT_TARGET = 10.1;
				MTL_ENABLE_DEBUG_INFO = NO;
				SDKROOT = iphoneos;
				SWIFT_OPTIMIZATION_LEVEL = "-Owholemodule";
				VALIDATE_PRODUCT = YES;
			};
			name = Release;
		};
		030A4A601DDA4C64007F593F /* Debug */ = {
			isa = XCBuildConfiguration;
			buildSettings = {
				ASSETCATALOG_COMPILER_APPICON_NAME = AppIcon;
				DEVELOPMENT_TEAM = BZY65TYX78;
				INFOPLIST_FILE = CoreDataExample/Info.plist;
				LD_RUNPATH_SEARCH_PATHS = "$(inherited) @executable_path/Frameworks";
				PRODUCT_BUNDLE_IDENTIFIER = com.VetekConsulting.CoreDataExample;
				PRODUCT_NAME = "$(TARGET_NAME)";
				SWIFT_VERSION = 3.0;
			};
			name = Debug;
		};
		030A4A611DDA4C64007F593F /* Release */ = {
			isa = XCBuildConfiguration;
			buildSettings = {
				ASSETCATALOG_COMPILER_APPICON_NAME = AppIcon;
				DEVELOPMENT_TEAM = BZY65TYX78;
				INFOPLIST_FILE = CoreDataExample/Info.plist;
				LD_RUNPATH_SEARCH_PATHS = "$(inherited) @executable_path/Frameworks";
				PRODUCT_BUNDLE_IDENTIFIER = com.VetekConsulting.CoreDataExample;
				PRODUCT_NAME = "$(TARGET_NAME)";
				SWIFT_VERSION = 3.0;
			};
			name = Release;
		};
		030A4A631DDA4C64007F593F /* Debug */ = {
			isa = XCBuildConfiguration;
			buildSettings = {
				ALWAYS_EMBED_SWIFT_STANDARD_LIBRARIES = YES;
				BUNDLE_LOADER = "$(TEST_HOST)";
				DEVELOPMENT_TEAM = BZY65TYX78;
				INFOPLIST_FILE = CoreDataExampleTests/Info.plist;
				LD_RUNPATH_SEARCH_PATHS = "$(inherited) @executable_path/Frameworks @loader_path/Frameworks";
				PRODUCT_BUNDLE_IDENTIFIER = com.VetekConsulting.CoreDataExampleTests;
				PRODUCT_NAME = "$(TARGET_NAME)";
				SWIFT_VERSION = 3.0;
				TEST_HOST = "$(BUILT_PRODUCTS_DIR)/CoreDataExample.app/CoreDataExample";
			};
			name = Debug;
		};
		030A4A641DDA4C64007F593F /* Release */ = {
			isa = XCBuildConfiguration;
			buildSettings = {
				ALWAYS_EMBED_SWIFT_STANDARD_LIBRARIES = YES;
				BUNDLE_LOADER = "$(TEST_HOST)";
				DEVELOPMENT_TEAM = BZY65TYX78;
				INFOPLIST_FILE = CoreDataExampleTests/Info.plist;
				LD_RUNPATH_SEARCH_PATHS = "$(inherited) @executable_path/Frameworks @loader_path/Frameworks";
				PRODUCT_BUNDLE_IDENTIFIER = com.VetekConsulting.CoreDataExampleTests;
				PRODUCT_NAME = "$(TARGET_NAME)";
				SWIFT_VERSION = 3.0;
				TEST_HOST = "$(BUILT_PRODUCTS_DIR)/CoreDataExample.app/CoreDataExample";
			};
			name = Release;
		};
		030A4A661DDA4C64007F593F /* Debug */ = {
			isa = XCBuildConfiguration;
			buildSettings = {
				ALWAYS_EMBED_SWIFT_STANDARD_LIBRARIES = YES;
				DEVELOPMENT_TEAM = BZY65TYX78;
				INFOPLIST_FILE = CoreDataExampleUITests/Info.plist;
				LD_RUNPATH_SEARCH_PATHS = "$(inherited) @executable_path/Frameworks @loader_path/Frameworks";
				PRODUCT_BUNDLE_IDENTIFIER = com.VetekConsulting.CoreDataExampleUITests;
				PRODUCT_NAME = "$(TARGET_NAME)";
				SWIFT_VERSION = 3.0;
				TEST_TARGET_NAME = CoreDataExample;
			};
			name = Debug;
		};
		030A4A671DDA4C64007F593F /* Release */ = {
			isa = XCBuildConfiguration;
			buildSettings = {
				ALWAYS_EMBED_SWIFT_STANDARD_LIBRARIES = YES;
				DEVELOPMENT_TEAM = BZY65TYX78;
				INFOPLIST_FILE = CoreDataExampleUITests/Info.plist;
				LD_RUNPATH_SEARCH_PATHS = "$(inherited) @executable_path/Frameworks @loader_path/Frameworks";
				PRODUCT_BUNDLE_IDENTIFIER = com.VetekConsulting.CoreDataExampleUITests;
				PRODUCT_NAME = "$(TARGET_NAME)";
				SWIFT_VERSION = 3.0;
				TEST_TARGET_NAME = CoreDataExample;
			};
			name = Release;
		};
/* End XCBuildConfiguration section */

/* Begin XCConfigurationList section */
		030A4A2F1DDA4C64007F593F /* Build configuration list for PBXProject "CoreDataExample" */ = {
			isa = XCConfigurationList;
			buildConfigurations = (
				030A4A5D1DDA4C64007F593F /* Debug */,
				030A4A5E1DDA4C64007F593F /* Release */,
			);
			defaultConfigurationIsVisible = 0;
			defaultConfigurationName = Release;
		};
		030A4A5F1DDA4C64007F593F /* Build configuration list for PBXNativeTarget "CoreDataExample" */ = {
			isa = XCConfigurationList;
			buildConfigurations = (
				030A4A601DDA4C64007F593F /* Debug */,
				030A4A611DDA4C64007F593F /* Release */,
			);
			defaultConfigurationIsVisible = 0;
		};
		030A4A621DDA4C64007F593F /* Build configuration list for PBXNativeTarget "CoreDataExampleTests" */ = {
			isa = XCConfigurationList;
			buildConfigurations = (
				030A4A631DDA4C64007F593F /* Debug */,
				030A4A641DDA4C64007F593F /* Release */,
			);
			defaultConfigurationIsVisible = 0;
		};
		030A4A651DDA4C64007F593F /* Build configuration list for PBXNativeTarget "CoreDataExampleUITests" */ = {
			isa = XCConfigurationList;
			buildConfigurations = (
				030A4A661DDA4C64007F593F /* Debug */,
				030A4A671DDA4C64007F593F /* Release */,
			);
			defaultConfigurationIsVisible = 0;
		};
/* End XCConfigurationList section */

/* Begin XCVersionGroup section */
		030A4A3E1DDA4C64007F593F /* CoreDataExample.xcdatamodeld */ = {
			isa = XCVersionGroup;
			children = (
				030A4A3F1DDA4C64007F593F /* CoreDataExample.xcdatamodel */,
			);
			currentVersion = 030A4A3F1DDA4C64007F593F /* CoreDataExample.xcdatamodel */;
			path = CoreDataExample.xcdatamodeld;
			sourceTree = "<group>";
			versionGroupType = wrapper.xcdatamodel;
		};
/* End XCVersionGroup section */
	};
	rootObject = 030A4A2C1DDA4C64007F593F /* Project object */;
}
